
Microsoft Visual Studio Solution File, Format Version 12.00
# Visual Studio Version 17
VisualStudioVersion = 17.0.31903.59
MinimumVisualStudioVersion = 10.0.40219.1
Project("{FAE04EC0-301F-11D3-BF4B-00C04F79EFBC}") = "MetricsPipeline.Core", "MetricsPipeline.Core\MetricsPipeline.Core.csproj", "{A9BA9EB8-E637-4748-BF78-02032DBBDA3D}"
EndProject
Project("{FAE04EC0-301F-11D3-BF4B-00C04F79EFBC}") = "MetricsPipeline.Tests", "MetricsPipeline.Tests\MetricsPipeline.Tests.csproj", "{398FF58A-44A6-4F82-940A-7DCA22F59EB1}"
EndProject
Project("{FAE04EC0-301F-11D3-BF4B-00C04F79EFBC}") = "MetricsPipeline.Console", "MetricsPipeline.Console\MetricsPipeline.Console.csproj", "{C777FE8B-9233-423F-9C68-780D6ED8DC07}"
EndProject
Project("{FAE04EC0-301F-11D3-BF4B-00C04F79EFBC}") = "MetricsPipeline.DemoApi", "MetricsPipeline.DemoApi\MetricsPipeline.DemoApi.csproj", "{3CBF5FD1-4215-45BB-AC97-BDA37A89BB6C}"
EndProject
Project("{FAE04EC0-301F-11D3-BF4B-00C04F79EFBC}") = "MetricsPipeline.AppHost", "MetricsPipeline.AppHost\MetricsPipeline.AppHost.csproj", "{0C4A6DBC-D858-455A-BCE8-86F840988AB7}"
EndProject
Project("{FAE04EC0-301F-11D3-BF4B-00C04F79EFBC}") = "MetricsPipeline.ServiceDefaults", "MetricsPipeline.ServiceDefaults\MetricsPipeline.ServiceDefaults.csproj", "{CE268CC1-EF3B-23E6-86AF-9972B8E9E67D}"
EndProject
Global
	GlobalSection(SolutionConfigurationPlatforms) = preSolution
		Debug|Any CPU = Debug|Any CPU
		Debug|x64 = Debug|x64
		Debug|x86 = Debug|x86
		Release|Any CPU = Release|Any CPU
		Release|x64 = Release|x64
		Release|x86 = Release|x86
	EndGlobalSection
	GlobalSection(ProjectConfigurationPlatforms) = postSolution
		{A9BA9EB8-E637-4748-BF78-02032DBBDA3D}.Debug|Any CPU.ActiveCfg = Debug|Any CPU
		{A9BA9EB8-E637-4748-BF78-02032DBBDA3D}.Debug|Any CPU.Build.0 = Debug|Any CPU
		{A9BA9EB8-E637-4748-BF78-02032DBBDA3D}.Debug|x64.ActiveCfg = Debug|Any CPU
		{A9BA9EB8-E637-4748-BF78-02032DBBDA3D}.Debug|x64.Build.0 = Debug|Any CPU
		{A9BA9EB8-E637-4748-BF78-02032DBBDA3D}.Debug|x86.ActiveCfg = Debug|Any CPU
		{A9BA9EB8-E637-4748-BF78-02032DBBDA3D}.Debug|x86.Build.0 = Debug|Any CPU
		{A9BA9EB8-E637-4748-BF78-02032DBBDA3D}.Release|Any CPU.ActiveCfg = Release|Any CPU
		{A9BA9EB8-E637-4748-BF78-02032DBBDA3D}.Release|Any CPU.Build.0 = Release|Any CPU
		{A9BA9EB8-E637-4748-BF78-02032DBBDA3D}.Release|x64.ActiveCfg = Release|Any CPU
		{A9BA9EB8-E637-4748-BF78-02032DBBDA3D}.Release|x64.Build.0 = Release|Any CPU
		{A9BA9EB8-E637-4748-BF78-02032DBBDA3D}.Release|x86.ActiveCfg = Release|Any CPU
		{A9BA9EB8-E637-4748-BF78-02032DBBDA3D}.Release|x86.Build.0 = Release|Any CPU
		{398FF58A-44A6-4F82-940A-7DCA22F59EB1}.Debug|Any CPU.ActiveCfg = Debug|Any CPU
		{398FF58A-44A6-4F82-940A-7DCA22F59EB1}.Debug|Any CPU.Build.0 = Debug|Any CPU
		{398FF58A-44A6-4F82-940A-7DCA22F59EB1}.Debug|x64.ActiveCfg = Debug|Any CPU
		{398FF58A-44A6-4F82-940A-7DCA22F59EB1}.Debug|x64.Build.0 = Debug|Any CPU
		{398FF58A-44A6-4F82-940A-7DCA22F59EB1}.Debug|x86.ActiveCfg = Debug|Any CPU
		{398FF58A-44A6-4F82-940A-7DCA22F59EB1}.Debug|x86.Build.0 = Debug|Any CPU
		{398FF58A-44A6-4F82-940A-7DCA22F59EB1}.Release|Any CPU.ActiveCfg = Release|Any CPU
		{398FF58A-44A6-4F82-940A-7DCA22F59EB1}.Release|Any CPU.Build.0 = Release|Any CPU
		{398FF58A-44A6-4F82-940A-7DCA22F59EB1}.Release|x64.ActiveCfg = Release|Any CPU
		{398FF58A-44A6-4F82-940A-7DCA22F59EB1}.Release|x64.Build.0 = Release|Any CPU
		{398FF58A-44A6-4F82-940A-7DCA22F59EB1}.Release|x86.ActiveCfg = Release|Any CPU
		{398FF58A-44A6-4F82-940A-7DCA22F59EB1}.Release|x86.Build.0 = Release|Any CPU
		{C777FE8B-9233-423F-9C68-780D6ED8DC07}.Debug|Any CPU.ActiveCfg = Debug|Any CPU
		{C777FE8B-9233-423F-9C68-780D6ED8DC07}.Debug|Any CPU.Build.0 = Debug|Any CPU
		{C777FE8B-9233-423F-9C68-780D6ED8DC07}.Debug|x64.ActiveCfg = Debug|Any CPU
		{C777FE8B-9233-423F-9C68-780D6ED8DC07}.Debug|x64.Build.0 = Debug|Any CPU
		{C777FE8B-9233-423F-9C68-780D6ED8DC07}.Debug|x86.ActiveCfg = Debug|Any CPU
		{C777FE8B-9233-423F-9C68-780D6ED8DC07}.Debug|x86.Build.0 = Debug|Any CPU
		{C777FE8B-9233-423F-9C68-780D6ED8DC07}.Release|Any CPU.ActiveCfg = Release|Any CPU
		{C777FE8B-9233-423F-9C68-780D6ED8DC07}.Release|Any CPU.Build.0 = Release|Any CPU
		{C777FE8B-9233-423F-9C68-780D6ED8DC07}.Release|x64.ActiveCfg = Release|Any CPU
		{C777FE8B-9233-423F-9C68-780D6ED8DC07}.Release|x64.Build.0 = Release|Any CPU
		{C777FE8B-9233-423F-9C68-780D6ED8DC07}.Release|x86.ActiveCfg = Release|Any CPU
		{C777FE8B-9233-423F-9C68-780D6ED8DC07}.Release|x86.Build.0 = Release|Any CPU
		{3CBF5FD1-4215-45BB-AC97-BDA37A89BB6C}.Debug|Any CPU.ActiveCfg = Debug|Any CPU
		{3CBF5FD1-4215-45BB-AC97-BDA37A89BB6C}.Debug|Any CPU.Build.0 = Debug|Any CPU
		{3CBF5FD1-4215-45BB-AC97-BDA37A89BB6C}.Debug|x64.ActiveCfg = Debug|Any CPU
		{3CBF5FD1-4215-45BB-AC97-BDA37A89BB6C}.Debug|x64.Build.0 = Debug|Any CPU
		{3CBF5FD1-4215-45BB-AC97-BDA37A89BB6C}.Debug|x86.ActiveCfg = Debug|Any CPU
		{3CBF5FD1-4215-45BB-AC97-BDA37A89BB6C}.Debug|x86.Build.0 = Debug|Any CPU
		{3CBF5FD1-4215-45BB-AC97-BDA37A89BB6C}.Release|Any CPU.ActiveCfg = Release|Any CPU
		{3CBF5FD1-4215-45BB-AC97-BDA37A89BB6C}.Release|Any CPU.Build.0 = Release|Any CPU
		{3CBF5FD1-4215-45BB-AC97-BDA37A89BB6C}.Release|x64.ActiveCfg = Release|Any CPU
		{3CBF5FD1-4215-45BB-AC97-BDA37A89BB6C}.Release|x64.Build.0 = Release|Any CPU
		{3CBF5FD1-4215-45BB-AC97-BDA37A89BB6C}.Release|x86.ActiveCfg = Release|Any CPU
		{3CBF5FD1-4215-45BB-AC97-BDA37A89BB6C}.Release|x86.Build.0 = Release|Any CPU
		{0C4A6DBC-D858-455A-BCE8-86F840988AB7}.Debug|Any CPU.ActiveCfg = Debug|Any CPU
		{0C4A6DBC-D858-455A-BCE8-86F840988AB7}.Debug|Any CPU.Build.0 = Debug|Any CPU
		{0C4A6DBC-D858-455A-BCE8-86F840988AB7}.Debug|x64.ActiveCfg = Debug|Any CPU
		{0C4A6DBC-D858-455A-BCE8-86F840988AB7}.Debug|x64.Build.0 = Debug|Any CPU
		{0C4A6DBC-D858-455A-BCE8-86F840988AB7}.Debug|x86.ActiveCfg = Debug|Any CPU
		{0C4A6DBC-D858-455A-BCE8-86F840988AB7}.Debug|x86.Build.0 = Debug|Any CPU
		{0C4A6DBC-D858-455A-BCE8-86F840988AB7}.Release|Any CPU.ActiveCfg = Release|Any CPU
		{0C4A6DBC-D858-455A-BCE8-86F840988AB7}.Release|Any CPU.Build.0 = Release|Any CPU
		{0C4A6DBC-D858-455A-BCE8-86F840988AB7}.Release|x64.ActiveCfg = Release|Any CPU
		{0C4A6DBC-D858-455A-BCE8-86F840988AB7}.Release|x64.Build.0 = Release|Any CPU
		{0C4A6DBC-D858-455A-BCE8-86F840988AB7}.Release|x86.ActiveCfg = Release|Any CPU
		{0C4A6DBC-D858-455A-BCE8-86F840988AB7}.Release|x86.Build.0 = Release|Any CPU
		{CE268CC1-EF3B-23E6-86AF-9972B8E9E67D}.Debug|Any CPU.ActiveCfg = Debug|Any CPU
		{CE268CC1-EF3B-23E6-86AF-9972B8E9E67D}.Debug|Any CPU.Build.0 = Debug|Any CPU
		{CE268CC1-EF3B-23E6-86AF-9972B8E9E67D}.Debug|x64.ActiveCfg = Debug|Any CPU
		{CE268CC1-EF3B-23E6-86AF-9972B8E9E67D}.Debug|x64.Build.0 = Debug|Any CPU
		{CE268CC1-EF3B-23E6-86AF-9972B8E9E67D}.Debug|x86.ActiveCfg = Debug|Any CPU
		{CE268CC1-EF3B-23E6-86AF-9972B8E9E67D}.Debug|x86.Build.0 = Debug|Any CPU
		{CE268CC1-EF3B-23E6-86AF-9972B8E9E67D}.Release|Any CPU.ActiveCfg = Release|Any CPU
		{CE268CC1-EF3B-23E6-86AF-9972B8E9E67D}.Release|Any CPU.Build.0 = Release|Any CPU
		{CE268CC1-EF3B-23E6-86AF-9972B8E9E67D}.Release|x64.ActiveCfg = Release|Any CPU
		{CE268CC1-EF3B-23E6-86AF-9972B8E9E67D}.Release|x64.Build.0 = Release|Any CPU
		{CE268CC1-EF3B-23E6-86AF-9972B8E9E67D}.Release|x86.ActiveCfg = Release|Any CPU
		{CE268CC1-EF3B-23E6-86AF-9972B8E9E67D}.Release|x86.Build.0 = Release|Any CPU
	EndGlobalSection
	GlobalSection(SolutionProperties) = preSolution
		HideSolutionNode = FALSE
	EndGlobalSection
	GlobalSection(ExtensibilityGlobals) = postSolution
		SolutionGuid = {A068A0FB-7D5A-4E86-BE74-52C99B067A79}
	EndGlobalSection
EndGlobal
